
Microsoft Visual Studio Solution File, Format Version 12.00
# Visual Studio Version 17
VisualStudioVersion = 17.13.35931.197
MinimumVisualStudioVersion = 10.0.40219.1
Project("{8BC9CEB8-8B4A-11D0-8D11-00A0C91BC942}") = "tstd", "tstd\tstd.vcxproj", "{8A5210FF-C015-4A6B-8998-704A595A55CF}"
EndProject
Project("{8BC9CEB8-8B4A-11D0-8D11-00A0C91BC942}") = "test_tstd", "test_tstd\test_tstd.vcxproj", "{3EE1FCAB-11CA-4925-8E67-A171C5F5EFBA}"
	ProjectSection(ProjectDependencies) = postProject
		{8A5210FF-C015-4A6B-8998-704A595A55CF} = {8A5210FF-C015-4A6B-8998-704A595A55CF}
	EndProjectSection
EndProject
Global
	GlobalSection(SolutionConfigurationPlatforms) = preSolution
		dllDebug|x64 = dllDebug|x64
		dllDebug|x86 = dllDebug|x86
		dllRelease|x64 = dllRelease|x64
		dllRelease|x86 = dllRelease|x86
		libDebug|x64 = libDebug|x64
		libDebug|x86 = libDebug|x86
		libRelease|x64 = libRelease|x64
		libRelease|x86 = libRelease|x86
	EndGlobalSection
	GlobalSection(ProjectConfigurationPlatforms) = postSolution
		{8A5210FF-C015-4A6B-8998-704A595A55CF}.dllDebug|x64.ActiveCfg = dllDebug|x64
		{8A5210FF-C015-4A6B-8998-704A595A55CF}.dllDebug|x64.Build.0 = dllDebug|x64
		{8A5210FF-C015-4A6B-8998-704A595A55CF}.dllDebug|x86.ActiveCfg = dllDebug|Win32
		{8A5210FF-C015-4A6B-8998-704A595A55CF}.dllDebug|x86.Build.0 = dllDebug|Win32
		{8A5210FF-C015-4A6B-8998-704A595A55CF}.dllRelease|x64.ActiveCfg = dllRelease|x64
		{8A5210FF-C015-4A6B-8998-704A595A55CF}.dllRelease|x64.Build.0 = dllRelease|x64
		{8A5210FF-C015-4A6B-8998-704A595A55CF}.dllRelease|x86.ActiveCfg = dllRelease|Win32
		{8A5210FF-C015-4A6B-8998-704A595A55CF}.dllRelease|x86.Build.0 = dllRelease|Win32
		{8A5210FF-C015-4A6B-8998-704A595A55CF}.libDebug|x64.ActiveCfg = libDebug|x64
		{8A5210FF-C015-4A6B-8998-704A595A55CF}.libDebug|x64.Build.0 = libDebug|x64
		{8A5210FF-C015-4A6B-8998-704A595A55CF}.libDebug|x86.ActiveCfg = libDebug|Win32
		{8A5210FF-C015-4A6B-8998-704A595A55CF}.libDebug|x86.Build.0 = libDebug|Win32
		{8A5210FF-C015-4A6B-8998-704A595A55CF}.libRelease|x64.ActiveCfg = libRelease|x64
		{8A5210FF-C015-4A6B-8998-704A595A55CF}.libRelease|x64.Build.0 = libRelease|x64
		{8A5210FF-C015-4A6B-8998-704A595A55CF}.libRelease|x86.ActiveCfg = libRelease|Win32
		{8A5210FF-C015-4A6B-8998-704A595A55CF}.libRelease|x86.Build.0 = libRelease|Win32
		{3EE1FCAB-11CA-4925-8E67-A171C5F5EFBA}.dllDebug|x64.ActiveCfg = dllDebug|x64
		{3EE1FCAB-11CA-4925-8E67-A171C5F5EFBA}.dllDebug|x64.Build.0 = dllDebug|x64
		{3EE1FCAB-11CA-4925-8E67-A171C5F5EFBA}.dllDebug|x86.ActiveCfg = dllDebug|Win32
		{3EE1FCAB-11CA-4925-8E67-A171C5F5EFBA}.dllDebug|x86.Build.0 = dllDebug|Win32
		{3EE1FCAB-11CA-4925-8E67-A171C5F5EFBA}.dllRelease|x64.ActiveCfg = dllRelease|x64
		{3EE1FCAB-11CA-4925-8E67-A171C5F5EFBA}.dllRelease|x64.Build.0 = dllRelease|x64
		{3EE1FCAB-11CA-4925-8E67-A171C5F5EFBA}.dllRelease|x86.ActiveCfg = dllRelease|Win32
		{3EE1FCAB-11CA-4925-8E67-A171C5F5EFBA}.dllRelease|x86.Build.0 = dllRelease|Win32
		{3EE1FCAB-11CA-4925-8E67-A171C5F5EFBA}.libDebug|x64.ActiveCfg = libDebug|x64
		{3EE1FCAB-11CA-4925-8E67-A171C5F5EFBA}.libDebug|x64.Build.0 = libDebug|x64
		{3EE1FCAB-11CA-4925-8E67-A171C5F5EFBA}.libDebug|x86.ActiveCfg = libDebug|Win32
		{3EE1FCAB-11CA-4925-8E67-A171C5F5EFBA}.libDebug|x86.Build.0 = libDebug|Win32
		{3EE1FCAB-11CA-4925-8E67-A171C5F5EFBA}.libRelease|x64.ActiveCfg = libRelease|x64
		{3EE1FCAB-11CA-4925-8E67-A171C5F5EFBA}.libRelease|x64.Build.0 = libRelease|x64
		{3EE1FCAB-11CA-4925-8E67-A171C5F5EFBA}.libRelease|x86.ActiveCfg = libRelease|Win32
		{3EE1FCAB-11CA-4925-8E67-A171C5F5EFBA}.libRelease|x86.Build.0 = libRelease|Win32
	EndGlobalSection
	GlobalSection(SolutionProperties) = preSolution
		HideSolutionNode = FALSE
	EndGlobalSection
	GlobalSection(ExtensibilityGlobals) = postSolution
		SolutionGuid = {7E5A18C3-2AD6-4952-B83B-E3CFC7EC9367}
	EndGlobalSection
EndGlobal
